
Microsoft Visual Studio Solution File, Format Version 12.00
# Visual Studio Version 16
VisualStudioVersion = 16.0.30225.117
MinimumVisualStudioVersion = 10.0.40219.1
Project("{8BC9CEB8-8B4A-11D0-8D11-00A0C91BC942}") = "postfix expression practice", "postfix expression practice\postfix expression practice.vcxproj", "{6499739C-6F69-4F47-A1E9-AFD49BFA1177}"
EndProject
Global
	GlobalSection(SolutionConfigurationPlatforms) = preSolution
		Debug|x64 = Debug|x64
		Debug|x86 = Debug|x86
		Release|x64 = Release|x64
		Release|x86 = Release|x86
	EndGlobalSection
	GlobalSection(ProjectConfigurationPlatforms) = postSolution
		{6499739C-6F69-4F47-A1E9-AFD49BFA1177}.Debug|x64.ActiveCfg = Debug|x64
		{6499739C-6F69-4F47-A1E9-AFD49BFA1177}.Debug|x64.Build.0 = Debug|x64
		{6499739C-6F69-4F47-A1E9-AFD49BFA1177}.Debug|x86.ActiveCfg = Debug|Win32
		{6499739C-6F69-4F47-A1E9-AFD49BFA1177}.Debug|x86.Build.0 = Debug|Win32
		{6499739C-6F69-4F47-A1E9-AFD49BFA1177}.Release|x64.ActiveCfg = Release|x64
		{6499739C-6F69-4F47-A1E9-AFD49BFA1177}.Release|x64.Build.0 = Release|x64
		{6499739C-6F69-4F47-A1E9-AFD49BFA1177}.Release|x86.ActiveCfg = Release|Win32
		{6499739C-6F69-4F47-A1E9-AFD49BFA1177}.Release|x86.Build.0 = Release|Win32
	EndGlobalSection
	GlobalSection(SolutionProperties) = preSolution
		HideSolutionNode = FALSE
	EndGlobalSection
	GlobalSection(ExtensibilityGlobals) = postSolution
		SolutionGuid = {767E3817-AC4C-4840-B60E-940FB504C4D9}
	EndGlobalSection
EndGlobal
